Microsoft Visual Studio Solution File, Format Version 11.00
# Visual Web Developer Express 2010
Project("{FAE04EC0-301F-11D3-BF4B-00C04F79EFBC}") = "PictureKey", "PictureKey.csproj", "{20CB6D2A-5322-49D2-8CCF-EDC2CC2DD0D2}"
EndProject
Global
	GlobalSection(SolutionConfigurationPlatforms) = preSolution
		Debug|Any CPU = Debug|Any CPU
		Release|Any CPU = Release|Any CPU
	EndGlobalSection
	GlobalSection(ProjectConfigurationPlatforms) = postSolution
		{20CB6D2A-5322-49D2-8CCF-EDC2CC2DD0D2}.Debug|Any CPU.ActiveCfg = Debug|Any CPU
		{20CB6D2A-5322-49D2-8CCF-EDC2CC2DD0D2}.Debug|Any CPU.Build.0 = Debug|Any CPU
		{20CB6D2A-5322-49D2-8CCF-EDC2CC2DD0D2}.Release|Any CPU.ActiveCfg = Debug|Any CPU
		{20CB6D2A-5322-49D2-8CCF-EDC2CC2DD0D2}.Release|Any CPU.Build.0 = Debug|Any CPU
	EndGlobalSection
	GlobalSection(SolutionProperties) = preSolution
		HideSolutionNode = FALSE
	EndGlobalSection
EndGlobal
